
Microsoft Visual Studio Solution File, Format Version 12.00
# Visual Studio Version 17
VisualStudioVersion = 17.2.32526.322
MinimumVisualStudioVersion = 10.0.40219.1
Project("{9A19103F-16F7-4668-BE54-9A1E7A4F7556}") = "StudentService", "StudentService.csproj", "{F7EE4B7E-E969-4483-A643-475D27BAE1F3}"
EndProject
Project("{9A19103F-16F7-4668-BE54-9A1E7A4F7556}") = "StudentTest", "StudentTest\StudentTest.csproj", "{F61CEC87-BF41-4696-8192-78A218D9DA6D}"
EndProject
Global
	GlobalSection(SolutionConfigurationPlatforms) = preSolution
		Debug|Any CPU = Debug|Any CPU
		Release|Any CPU = Release|Any CPU
	EndGlobalSection
	GlobalSection(ProjectConfigurationPlatforms) = postSolution
		{F7EE4B7E-E969-4483-A643-475D27BAE1F3}.Debug|Any CPU.ActiveCfg = Debug|Any CPU
		{F7EE4B7E-E969-4483-A643-475D27BAE1F3}.Debug|Any CPU.Build.0 = Debug|Any CPU
		{F7EE4B7E-E969-4483-A643-475D27BAE1F3}.Release|Any CPU.ActiveCfg = Release|Any CPU
		{F7EE4B7E-E969-4483-A643-475D27BAE1F3}.Release|Any CPU.Build.0 = Release|Any CPU
		{F61CEC87-BF41-4696-8192-78A218D9DA6D}.Debug|Any CPU.ActiveCfg = Debug|Any CPU
		{F61CEC87-BF41-4696-8192-78A218D9DA6D}.Debug|Any CPU.Build.0 = Debug|Any CPU
		{F61CEC87-BF41-4696-8192-78A218D9DA6D}.Release|Any CPU.ActiveCfg = Release|Any CPU
		{F61CEC87-BF41-4696-8192-78A218D9DA6D}.Release|Any CPU.Build.0 = Release|Any CPU
	EndGlobalSection
	GlobalSection(SolutionProperties) = preSolution
		HideSolutionNode = FALSE
	EndGlobalSection
	GlobalSection(ExtensibilityGlobals) = postSolution
		SolutionGuid = {F2C02358-25D6-4691-A8DD-16250AA4F276}
	EndGlobalSection
EndGlobal
